
Microsoft Visual Studio Solution File, Format Version 12.00
# Visual Studio 15
VisualStudioVersion = 15.0.28307.1259
MinimumVisualStudioVersion = 10.0.40219.1
Project("{FAE04EC0-301F-11D3-BF4B-00C04F79EFBC}") = "RestaurantManagementSystem", "RestaurantManagementSystem\RestaurantManagementSystem.csproj", "{975ABB36-F253-49E5-80B5-9C3FA8A7D2E7}"
EndProject
Project("{FAE04EC0-301F-11D3-BF4B-00C04F79EFBC}") = "DataLayer", "DataLayer\DataLayer.csproj", "{56EA4975-67E1-4143-A595-4055E3644913}"
EndProject
Project("{FAE04EC0-301F-11D3-BF4B-00C04F79EFBC}") = "ServiceLayer", "ServiceLayer\ServiceLayer.csproj", "{8DAD4B21-D5FD-4ACB-8586-0C05E2E75EB4}"
EndProject
Project("{FAE04EC0-301F-11D3-BF4B-00C04F79EFBC}") = "ViewModels", "ViewModels\ViewModels.csproj", "{1486913E-BF96-4D55-BF69-EC2F398EC088}"
EndProject
Global
	GlobalSection(SolutionConfigurationPlatforms) = preSolution
		Debug|Any CPU = Debug|Any CPU
		Release|Any CPU = Release|Any CPU
	EndGlobalSection
	GlobalSection(ProjectConfigurationPlatforms) = postSolution
		{975ABB36-F253-49E5-80B5-9C3FA8A7D2E7}.Debug|Any CPU.ActiveCfg = Debug|Any CPU
		{975ABB36-F253-49E5-80B5-9C3FA8A7D2E7}.Debug|Any CPU.Build.0 = Debug|Any CPU
		{975ABB36-F253-49E5-80B5-9C3FA8A7D2E7}.Release|Any CPU.ActiveCfg = Release|Any CPU
		{975ABB36-F253-49E5-80B5-9C3FA8A7D2E7}.Release|Any CPU.Build.0 = Release|Any CPU
		{56EA4975-67E1-4143-A595-4055E3644913}.Debug|Any CPU.ActiveCfg = Debug|Any CPU
		{56EA4975-67E1-4143-A595-4055E3644913}.Debug|Any CPU.Build.0 = Debug|Any CPU
		{56EA4975-67E1-4143-A595-4055E3644913}.Release|Any CPU.ActiveCfg = Release|Any CPU
		{56EA4975-67E1-4143-A595-4055E3644913}.Release|Any CPU.Build.0 = Release|Any CPU
		{8DAD4B21-D5FD-4ACB-8586-0C05E2E75EB4}.Debug|Any CPU.ActiveCfg = Debug|Any CPU
		{8DAD4B21-D5FD-4ACB-8586-0C05E2E75EB4}.Debug|Any CPU.Build.0 = Debug|Any CPU
		{8DAD4B21-D5FD-4ACB-8586-0C05E2E75EB4}.Release|Any CPU.ActiveCfg = Release|Any CPU
		{8DAD4B21-D5FD-4ACB-8586-0C05E2E75EB4}.Release|Any CPU.Build.0 = Release|Any CPU
		{1486913E-BF96-4D55-BF69-EC2F398EC088}.Debug|Any CPU.ActiveCfg = Debug|Any CPU
		{1486913E-BF96-4D55-BF69-EC2F398EC088}.Debug|Any CPU.Build.0 = Debug|Any CPU
		{1486913E-BF96-4D55-BF69-EC2F398EC088}.Release|Any CPU.ActiveCfg = Release|Any CPU
		{1486913E-BF96-4D55-BF69-EC2F398EC088}.Release|Any CPU.Build.0 = Release|Any CPU
	EndGlobalSection
	GlobalSection(SolutionProperties) = preSolution
		HideSolutionNode = FALSE
	EndGlobalSection
	GlobalSection(ExtensibilityGlobals) = postSolution
		SolutionGuid = {6A218B03-CA69-4D8A-95B1-1CEF11D846BA}
	EndGlobalSection
EndGlobal
